{
  "name": "iteg_management_system",
  "version": "1.0.0",
  "lockfileVersion": 3,
  "requires": true,
  "packages": {
    "": {
      "name": "iteg_management_system",
      "version": "1.0.0",
      "license": "ISC",
      "dependencies": {
        "iteg_management_system": "file:"
      }
    },
    "node_modules/iteg_management_system": {
      "resolved": "",
      "link": true
    }
  }
}
